
Microsoft Visual Studio Solution File, Format Version 12.00
# Visual Studio 2012
Project("{FAE04EC0-301F-11D3-BF4B-00C04F79EFBC}") = "MVCAppWithBootstrap", "MVCAppWithBootstrap\MVCAppWithBootstrap.csproj", "{A123F875-9B06-4BA6-9144-B946956842B9}"
EndProject
Global
	GlobalSection(SolutionConfigurationPlatforms) = preSolution
		Debug|Any CPU = Debug|Any CPU
		Release|Any CPU = Release|Any CPU
	EndGlobalSection
	GlobalSection(ProjectConfigurationPlatforms) = postSolution
		{A123F875-9B06-4BA6-9144-B946956842B9}.Debug|Any CPU.ActiveCfg = Debug|Any CPU
		{A123F875-9B06-4BA6-9144-B946956842B9}.Debug|Any CPU.Build.0 = Debug|Any CPU
		{A123F875-9B06-4BA6-9144-B946956842B9}.Release|Any CPU.ActiveCfg = Release|Any CPU
		{A123F875-9B06-4BA6-9144-B946956842B9}.Release|Any CPU.Build.0 = Release|Any CPU
	EndGlobalSection
	GlobalSection(SolutionProperties) = preSolution
		HideSolutionNode = FALSE
	EndGlobalSection
EndGlobal
